
Microsoft Visual Studio Solution File, Format Version 12.00
# Visual Studio Version 16
VisualStudioVersion = 16.0.29613.14
MinimumVisualStudioVersion = 10.0.40219.1
Project("{FAE04EC0-301F-11D3-BF4B-00C04F79EFBC}") = "MySQLConnectorStudy", "MySQLConnectorStudy\MySQLConnectorStudy.csproj", "{BD27E2BC-A225-4D21-9B08-D36612EB3FCB}"
EndProject
Global
	GlobalSection(SolutionConfigurationPlatforms) = preSolution
		Debug|Any CPU = Debug|Any CPU
		Release|Any CPU = Release|Any CPU
	EndGlobalSection
	GlobalSection(ProjectConfigurationPlatforms) = postSolution
		{BD27E2BC-A225-4D21-9B08-D36612EB3FCB}.Debug|Any CPU.ActiveCfg = Debug|Any CPU
		{BD27E2BC-A225-4D21-9B08-D36612EB3FCB}.Debug|Any CPU.Build.0 = Debug|Any CPU
		{BD27E2BC-A225-4D21-9B08-D36612EB3FCB}.Release|Any CPU.ActiveCfg = Release|Any CPU
		{BD27E2BC-A225-4D21-9B08-D36612EB3FCB}.Release|Any CPU.Build.0 = Release|Any CPU
	EndGlobalSection
	GlobalSection(SolutionProperties) = preSolution
		HideSolutionNode = FALSE
	EndGlobalSection
	GlobalSection(ExtensibilityGlobals) = postSolution
		SolutionGuid = {05C2BF3E-E802-44EA-B24C-796FAEF3DD82}
	EndGlobalSection
EndGlobal
